<?xml version="1.0" encoding="utf-8"?>
<Project ToolsVersion="4.0" xmlns="http://schemas.microsoft.com/developer/msbuild/2003">
  <ItemGroup>
    <Filter Include="Header Files">
      <UniqueIdentifier>{93995380-89BD-4b04-88EB-625FBE52EBFB}</UniqueIdentifier>
      <Extensions>h;hpp;hxx;hm;inl;inc;xsd</Extensions>
    </Filter>
  </ItemGroup>
  <ItemGroup>
    <ClInclude Include="include\ik_ESoundEngineOptions.h">
      <Filter>Header Files</Filter>
    </ClInclude>
    <ClInclude Include="include\ik_ESoundOutputDrivers.h">
      <Filter>Header Files</Filter>
    </ClInclude>
    <ClInclude Include="include\ik_EStreamModes.h">
      <Filter>Header Files</Filter>
    </ClInclude>
    <ClInclude Include="include\ik_IAudioRecorder.h">
      <Filter>Header Files</Filter>
    </ClInclude>
    <ClInclude Include="include\ik_IAudioStream.h">
      <Filter>Header Files</Filter>
    </ClInclude>
    <ClInclude Include="include\ik_IAudioStreamLoader.h">
      <Filter>Header Files</Filter>
    </ClInclude>
    <ClInclude Include="include\ik_IFileFactory.h">
      <Filter>Header Files</Filter>
    </ClInclude>
    <ClInclude Include="include\ik_IFileReader.h">
      <Filter>Header Files</Filter>
    </ClInclude>
    <ClInclude Include="include\ik_IRefCounted.h">
      <Filter>Header Files</Filter>
    </ClInclude>
    <ClInclude Include="include\ik_irrKlangTypes.h">
      <Filter>Header Files</Filter>
    </ClInclude>
    <ClInclude Include="include\ik_ISound.h">
      <Filter>Header Files</Filter>
    </ClInclude>
    <ClInclude Include="include\ik_ISoundDeviceList.h">
      <Filter>Header Files</Filter>
    </ClInclude>
    <ClInclude Include="include\ik_ISoundEffectControl.h">
      <Filter>Header Files</Filter>
    </ClInclude>
    <ClInclude Include="include\ik_ISoundEngine.h">
      <Filter>Header Files</Filter>
    </ClInclude>
    <ClInclude Include="include\ik_ISoundMixedOutputReceiver.h">
      <Filter>Header Files</Filter>
    </ClInclude>
    <ClInclude Include="include\ik_ISoundSource.h">
      <Filter>Header Files</Filter>
    </ClInclude>
    <ClInclude Include="include\ik_ISoundStopEventReceiver.h">
      <Filter>Header Files</Filter>
    </ClInclude>
    <ClInclude Include="include\ik_IVirtualRefCounted.h">
      <Filter>Header Files</Filter>
    </ClInclude>
    <ClInclude Include="include\ik_SAudioStreamFormat.h">
      <Filter>Header Files</Filter>
    </ClInclude>
    <ClInclude Include="include\ik_vec3d.h">
      <Filter>Header Files</Filter>
    </ClInclude>
    <ClInclude Include="include\irrKlang.h">
      <Filter>Header Files</Filter>
    </ClInclude>
  </ItemGroup>
</Project>